
Microsoft Visual Studio Solution File, Format Version 12.00
# Visual Studio 15
VisualStudioVersion = 15.0.27130.2036
MinimumVisualStudioVersion = 10.0.40219.1
Project("{FAE04EC0-301F-11D3-BF4B-00C04F79EFBC}") = "Algos", "Algos\Algos.csproj", "{84DC9DE2-FCE4-4C87-A704-0F6B4134C299}"
EndProject
Project("{2150E333-8FDC-42A3-9474-1A3956D46DE8}") = "tests", "tests", "{1B0DF966-BA74-46BF-B0D1-365877386154}"
EndProject
Project("{FAE04EC0-301F-11D3-BF4B-00C04F79EFBC}") = "Algos.Tests.Unit", "tests\Algos.Tests.Unit\Algos.Tests.Unit.csproj", "{EB650933-1AB0-4B6C-954F-D24CC9EC5CEA}"
EndProject
Global
	GlobalSection(SolutionConfigurationPlatforms) = preSolution
		Debug|Any CPU = Debug|Any CPU
		Release|Any CPU = Release|Any CPU
	EndGlobalSection
	GlobalSection(ProjectConfigurationPlatforms) = postSolution
		{84DC9DE2-FCE4-4C87-A704-0F6B4134C299}.Debug|Any CPU.ActiveCfg = Debug|Any CPU
		{84DC9DE2-FCE4-4C87-A704-0F6B4134C299}.Debug|Any CPU.Build.0 = Debug|Any CPU
		{84DC9DE2-FCE4-4C87-A704-0F6B4134C299}.Release|Any CPU.ActiveCfg = Release|Any CPU
		{84DC9DE2-FCE4-4C87-A704-0F6B4134C299}.Release|Any CPU.Build.0 = Release|Any CPU
		{EB650933-1AB0-4B6C-954F-D24CC9EC5CEA}.Debug|Any CPU.ActiveCfg = Debug|Any CPU
		{EB650933-1AB0-4B6C-954F-D24CC9EC5CEA}.Debug|Any CPU.Build.0 = Debug|Any CPU
		{EB650933-1AB0-4B6C-954F-D24CC9EC5CEA}.Release|Any CPU.ActiveCfg = Release|Any CPU
		{EB650933-1AB0-4B6C-954F-D24CC9EC5CEA}.Release|Any CPU.Build.0 = Release|Any CPU
	EndGlobalSection
	GlobalSection(SolutionProperties) = preSolution
		HideSolutionNode = FALSE
	EndGlobalSection
	GlobalSection(NestedProjects) = preSolution
		{EB650933-1AB0-4B6C-954F-D24CC9EC5CEA} = {1B0DF966-BA74-46BF-B0D1-365877386154}
	EndGlobalSection
	GlobalSection(ExtensibilityGlobals) = postSolution
		SolutionGuid = {1AD92BE6-1263-4D56-80D9-B6F800BFFD15}
	EndGlobalSection
EndGlobal
